
Microsoft Visual Studio Solution File, Format Version 12.00
# Visual Studio Version 17
VisualStudioVersion = 17.9.34728.123
MinimumVisualStudioVersion = 10.0.40219.1
Project("{FAE04EC0-301F-11D3-BF4B-00C04F79EFBC}") = "ScreenSound", "ScreenSound\ScreenSound.csproj", "{03982A2A-72F2-4402-9BB3-6D6401AF67DF}"
EndProject
Global
	GlobalSection(SolutionConfigurationPlatforms) = preSolution
		Debug|Any CPU = Debug|Any CPU
		Release|Any CPU = Release|Any CPU
	EndGlobalSection
	GlobalSection(ProjectConfigurationPlatforms) = postSolution
		{03982A2A-72F2-4402-9BB3-6D6401AF67DF}.Debug|Any CPU.ActiveCfg = Debug|Any CPU
		{03982A2A-72F2-4402-9BB3-6D6401AF67DF}.Debug|Any CPU.Build.0 = Debug|Any CPU
		{03982A2A-72F2-4402-9BB3-6D6401AF67DF}.Release|Any CPU.ActiveCfg = Release|Any CPU
		{03982A2A-72F2-4402-9BB3-6D6401AF67DF}.Release|Any CPU.Build.0 = Release|Any CPU
	EndGlobalSection
	GlobalSection(SolutionProperties) = preSolution
		HideSolutionNode = FALSE
	EndGlobalSection
	GlobalSection(ExtensibilityGlobals) = postSolution
		SolutionGuid = {A705857B-EA14-4AB7-816E-8E56D7CA4733}
	EndGlobalSection
EndGlobal
